// !$*UTF8*$!
{
	archiveVersion = 1;
	classes = {
	};
	objectVersion = 56;
	objects = {

/* Begin PBXBuildFile section */
		0B9B03CC2BA092660017195D /* TwoRangeSlider.swift in Sources */ = {isa = PBXBuildFile; fileRef = 0B9B03C92BA092660017195D /* TwoRangeSlider.swift */; };
		0B9B03CD2BA092660017195D /* TwoRangeSliderDelegate.swift in Sources */ = {isa = PBXBuildFile; fileRef = 0B9B03CA2BA092660017195D /* TwoRangeSliderDelegate.swift */; };
		0B9B03D12BA092B40017195D /* FilterPriceTableViewCell.swift in Sources */ = {isa = PBXBuildFile; fileRef = 0B9B03CE2BA092B40017195D /* FilterPriceTableViewCell.swift */; };
		0B9B03D22BA092B40017195D /* FilterPriceTableViewCell.xib in Resources */ = {isa = PBXBuildFile; fileRef = 0B9B03CF2BA092B40017195D /* FilterPriceTableViewCell.xib */; };
		0B9B03D42BA095A00017195D /* TapticEngine.swift in Sources */ = {isa = PBXBuildFile; fileRef = 0B9B03D32BA095A00017195D /* TapticEngine.swift */; };
		0BBF276B2BA99F0A0082AF53 /* CategoryTableViewcell.xib in Resources */ = {isa = PBXBuildFile; fileRef = 0BBF276A2BA99F0A0082AF53 /* CategoryTableViewcell.xib */; };
		0BBF276C2BA99F0A0082AF53 /* CategoryTableViewcell.swift in Sources */ = {isa = PBXBuildFile; fileRef = 0BBF27692BA99F0A0082AF53 /* CategoryTableViewcell.swift */; };
		A33EF97A2B827A45003EFB6F /* AppDelegate.swift in Sources */ = {isa = PBXBuildFile; fileRef = A33EF9792B827A45003EFB6F /* AppDelegate.swift */; };
		A33EF97C2B827A45003EFB6F /* SceneDelegate.swift in Sources */ = {isa = PBXBuildFile; fileRef = A33EF97B2B827A45003EFB6F /* SceneDelegate.swift */; };
		A33EF97E2B827A45003EFB6F /* ViewController.swift in Sources */ = {isa = PBXBuildFile; fileRef = A33EF97D2B827A45003EFB6F /* ViewController.swift */; };
		A33EF9812B827A45003EFB6F /* Main.storyboard in Resources */ = {isa = PBXBuildFile; fileRef = A33EF97F2B827A45003EFB6F /* Main.storyboard */; };
		A33EF9832B827A46003EFB6F /* Assets.xcassets in Resources */ = {isa = PBXBuildFile; fileRef = A33EF9822B827A46003EFB6F /* Assets.xcassets */; };
		A33EF9862B827A46003EFB6F /* LaunchScreen.storyboard in Resources */ = {isa = PBXBuildFile; fileRef = A33EF9842B827A46003EFB6F /* LaunchScreen.storyboard */; };
		A33EF98F2B827C71003EFB6F /* TableViewCell.xib in Resources */ = {isa = PBXBuildFile; fileRef = A33EF98E2B827C71003EFB6F /* TableViewCell.xib */; };
		A33EF9912B827C7B003EFB6F /* TableViewCell.swift in Sources */ = {isa = PBXBuildFile; fileRef = A33EF9902B827C7B003EFB6F /* TableViewCell.swift */; };
		A39B74772B964FAF008A78B6 /* TableViewCellForTapableSection.xib in Resources */ = {isa = PBXBuildFile; fileRef = A39B74762B964FAF008A78B6 /* TableViewCellForTapableSection.xib */; };
		A39B74792B964FB8008A78B6 /* TableViewCellForTapableSection.swift in Sources */ = {isa = PBXBuildFile; fileRef = A39B74782B964FB8008A78B6 /* TableViewCellForTapableSection.swift */; };
/* End PBXBuildFile section */

/* Begin PBXFileReference section */
		0B9B03C92BA092660017195D /* TwoRangeSlider.swift */ = {isa = PBXFileReference; fileEncoding = 4; lastKnownFileType = sourcecode.swift; path = TwoRangeSlider.swift; sourceTree = "<group>"; };
		0B9B03CA2BA092660017195D /* TwoRangeSliderDelegate.swift */ = {isa = PBXFileReference; fileEncoding = 4; lastKnownFileType = sourcecode.swift; path = TwoRangeSliderDelegate.swift; sourceTree = "<group>"; };
		0B9B03CE2BA092B40017195D /* FilterPriceTableViewCell.swift */ = {isa = PBXFileReference; fileEncoding = 4; lastKnownFileType = sourcecode.swift; path = FilterPriceTableViewCell.swift; sourceTree = "<group>"; };
		0B9B03CF2BA092B40017195D /* FilterPriceTableViewCell.xib */ = {isa = PBXFileReference; fileEncoding = 4; lastKnownFileType = file.xib; path = FilterPriceTableViewCell.xib; sourceTree = "<group>"; };
		0B9B03D32BA095A00017195D /* TapticEngine.swift */ = {isa = PBXFileReference; fileEncoding = 4; lastKnownFileType = sourcecode.swift; path = TapticEngine.swift; sourceTree = "<group>"; };
		0BBF27692BA99F0A0082AF53 /* CategoryTableViewcell.swift */ = {isa = PBXFileReference; lastKnownFileType = sourcecode.swift; path = CategoryTableViewcell.swift; sourceTree = "<group>"; };
		0BBF276A2BA99F0A0082AF53 /* CategoryTableViewcell.xib */ = {isa = PBXFileReference; lastKnownFileType = file.xib; path = CategoryTableViewcell.xib; sourceTree = "<group>"; };
		A33EF9762B827A45003EFB6F /* FilterUiUsingUIKit.app */ = {isa = PBXFileReference; explicitFileType = wrapper.application; includeInIndex = 0; path = FilterUiUsingUIKit.app; sourceTree = BUILT_PRODUCTS_DIR; };
		A33EF9792B827A45003EFB6F /* AppDelegate.swift */ = {isa = PBXFileReference; lastKnownFileType = sourcecode.swift; path = AppDelegate.swift; sourceTree = "<group>"; };
		A33EF97B2B827A45003EFB6F /* SceneDelegate.swift */ = {isa = PBXFileReference; lastKnownFileType = sourcecode.swift; path = SceneDelegate.swift; sourceTree = "<group>"; };
		A33EF97D2B827A45003EFB6F /* ViewController.swift */ = {isa = PBXFileReference; lastKnownFileType = sourcecode.swift; path = ViewController.swift; sourceTree = "<group>"; };
		A33EF9802B827A45003EFB6F /* Base */ = {isa = PBXFileReference; lastKnownFileType = file.storyboard; name = Base; path = Base.lproj/Main.storyboard; sourceTree = "<group>"; };
		A33EF9822B827A46003EFB6F /* Assets.xcassets */ = {isa = PBXFileReference; lastKnownFileType = folder.assetcatalog; path = Assets.xcassets; sourceTree = "<group>"; };
		A33EF9852B827A46003EFB6F /* Base */ = {isa = PBXFileReference; lastKnownFileType = file.storyboard; name = Base; path = Base.lproj/LaunchScreen.storyboard; sourceTree = "<group>"; };
		A33EF9872B827A46003EFB6F /* Info.plist */ = {isa = PBXFileReference; lastKnownFileType = text.plist.xml; path = Info.plist; sourceTree = "<group>"; };
		A33EF98E2B827C71003EFB6F /* TableViewCell.xib */ = {isa = PBXFileReference; fileEncoding = 4; lastKnownFileType = file.xib; path = TableViewCell.xib; sourceTree = "<group>"; };
		A33EF9902B827C7B003EFB6F /* TableViewCell.swift */ = {isa = PBXFileReference; fileEncoding = 4; lastKnownFileType = sourcecode.swift; path = TableViewCell.swift; sourceTree = "<group>"; };
		A39B74762B964FAF008A78B6 /* TableViewCellForTapableSection.xib */ = {isa = PBXFileReference; fileEncoding = 4; lastKnownFileType = file.xib; path = TableViewCellForTapableSection.xib; sourceTree = "<group>"; };
		A39B74782B964FB8008A78B6 /* TableViewCellForTapableSection.swift */ = {isa = PBXFileReference; fileEncoding = 4; lastKnownFileType = sourcecode.swift; path = TableViewCellForTapableSection.swift; sourceTree = "<group>"; };
/* End PBXFileReference section */

/* Begin PBXFrameworksBuildPhase section */
		A33EF9732B827A45003EFB6F /* Frameworks */ = {
			isa = PBXFrameworksBuildPhase;
			buildActionMask = 2147483647;
			files = (
			);
			runOnlyForDeploymentPostprocessing = 0;
		};
/* End PBXFrameworksBuildPhase section */

/* Begin PBXGroup section */
		0B9B03CB2BA092660017195D /* TwoRangeSlider */ = {
			isa = PBXGroup;
			children = (
				0B9B03D32BA095A00017195D /* TapticEngine.swift */,
				0B9B03C92BA092660017195D /* TwoRangeSlider.swift */,
				0B9B03CA2BA092660017195D /* TwoRangeSliderDelegate.swift */,
			);
			path = TwoRangeSlider;
			sourceTree = "<group>";
		};
		0B9B03D02BA092B40017195D /* Price */ = {
			isa = PBXGroup;
			children = (
				0B9B03CE2BA092B40017195D /* FilterPriceTableViewCell.swift */,
				0B9B03CF2BA092B40017195D /* FilterPriceTableViewCell.xib */,
			);
			path = Price;
			sourceTree = "<group>";
		};
		0BBF27642BA999400082AF53 /* Category */ = {
			isa = PBXGroup;
			children = (
				0BBF27692BA99F0A0082AF53 /* CategoryTableViewcell.swift */,
				0BBF276A2BA99F0A0082AF53 /* CategoryTableViewcell.xib */,
			);
			path = Category;
			sourceTree = "<group>";
		};
		A33EF96D2B827A45003EFB6F = {
			isa = PBXGroup;
			children = (
				A33EF9782B827A45003EFB6F /* FilterUiUsingUIKit */,
				A33EF9772B827A45003EFB6F /* Products */,
			);
			sourceTree = "<group>";
		};
		A33EF9772B827A45003EFB6F /* Products */ = {
			isa = PBXGroup;
			children = (
				A33EF9762B827A45003EFB6F /* FilterUiUsingUIKit.app */,
			);
			name = Products;
			sourceTree = "<group>";
		};
		A33EF9782B827A45003EFB6F /* FilterUiUsingUIKit */ = {
			isa = PBXGroup;
			children = (
				0B9B03CB2BA092660017195D /* TwoRangeSlider */,
				A33EF98D2B827C16003EFB6F /* TableViewCell */,
				A33EF9792B827A45003EFB6F /* AppDelegate.swift */,
				A33EF97B2B827A45003EFB6F /* SceneDelegate.swift */,
				A33EF97D2B827A45003EFB6F /* ViewController.swift */,
				A33EF97F2B827A45003EFB6F /* Main.storyboard */,
				A33EF9822B827A46003EFB6F /* Assets.xcassets */,
				A33EF9842B827A46003EFB6F /* LaunchScreen.storyboard */,
				A33EF9872B827A46003EFB6F /* Info.plist */,
			);
			path = FilterUiUsingUIKit;
			sourceTree = "<group>";
		};
		A33EF98D2B827C16003EFB6F /* TableViewCell */ = {
			isa = PBXGroup;
			children = (
				A3FA29A72BAA307A001CE441 /* SectionHeader */,
				A3FA29A62BAA2FDE001CE441 /* DefaultCell */,
				0BBF27642BA999400082AF53 /* Category */,
				0B9B03D02BA092B40017195D /* Price */,
			);
			path = TableViewCell;
			sourceTree = "<group>";
		};
		A3FA29A62BAA2FDE001CE441 /* DefaultCell */ = {
			isa = PBXGroup;
			children = (
				A33EF9902B827C7B003EFB6F /* TableViewCell.swift */,
				A33EF98E2B827C71003EFB6F /* TableViewCell.xib */,
			);
			path = DefaultCell;
			sourceTree = "<group>";
		};
		A3FA29A72BAA307A001CE441 /* SectionHeader */ = {
			isa = PBXGroup;
			children = (
				A39B74762B964FAF008A78B6 /* TableViewCellForTapableSection.xib */,
				A39B74782B964FB8008A78B6 /* TableViewCellForTapableSection.swift */,
			);
			path = SectionHeader;
			sourceTree = "<group>";
		};
/* End PBXGroup section */

/* Begin PBXNativeTarget section */
		A33EF9752B827A45003EFB6F /* FilterUiUsingUIKit */ = {
			isa = PBXNativeTarget;
			buildConfigurationList = A33EF98A2B827A46003EFB6F /* Build configuration list for PBXNativeTarget "FilterUiUsingUIKit" */;
			buildPhases = (
				A33EF9722B827A45003EFB6F /* Sources */,
				A33EF9732B827A45003EFB6F /* Frameworks */,
				A33EF9742B827A45003EFB6F /* Resources */,
			);
			buildRules = (
			);
			dependencies = (
			);
			name = FilterUiUsingUIKit;
			productName = FilterUiUsingUIKit;
			productReference = A33EF9762B827A45003EFB6F /* FilterUiUsingUIKit.app */;
			productType = "com.apple.product-type.application";
		};
/* End PBXNativeTarget section */

/* Begin PBXProject section */
		A33EF96E2B827A45003EFB6F /* Project object */ = {
			isa = PBXProject;
			attributes = {
				BuildIndependentTargetsInParallel = 1;
				LastSwiftUpdateCheck = 1520;
				LastUpgradeCheck = 1520;
				TargetAttributes = {
					A33EF9752B827A45003EFB6F = {
						CreatedOnToolsVersion = 15.2;
					};
				};
			};
			buildConfigurationList = A33EF9712B827A45003EFB6F /* Build configuration list for PBXProject "FilterUiUsingUIKit" */;
			compatibilityVersion = "Xcode 14.0";
			developmentRegion = en;
			hasScannedForEncodings = 0;
			knownRegions = (
				en,
				Base,
			);
			mainGroup = A33EF96D2B827A45003EFB6F;
			productRefGroup = A33EF9772B827A45003EFB6F /* Products */;
			projectDirPath = "";
			projectRoot = "";
			targets = (
				A33EF9752B827A45003EFB6F /* FilterUiUsingUIKit */,
			);
		};
/* End PBXProject section */

/* Begin PBXResourcesBuildPhase section */
		A33EF9742B827A45003EFB6F /* Resources */ = {
			isa = PBXResourcesBuildPhase;
			buildActionMask = 2147483647;
			files = (
				A33EF9862B827A46003EFB6F /* LaunchScreen.storyboard in Resources */,
				A33EF98F2B827C71003EFB6F /* TableViewCell.xib in Resources */,
				A33EF9832B827A46003EFB6F /* Assets.xcassets in Resources */,
				0B9B03D22BA092B40017195D /* FilterPriceTableViewCell.xib in Resources */,
				A33EF9812B827A45003EFB6F /* Main.storyboard in Resources */,
				A39B74772B964FAF008A78B6 /* TableViewCellForTapableSection.xib in Resources */,
				0BBF276B2BA99F0A0082AF53 /* CategoryTableViewcell.xib in Resources */,
			);
			runOnlyForDeploymentPostprocessing = 0;
		};
/* End PBXResourcesBuildPhase section */

/* Begin PBXSourcesBuildPhase section */
		A33EF9722B827A45003EFB6F /* Sources */ = {
			isa = PBXSourcesBuildPhase;
			buildActionMask = 2147483647;
			files = (
				A39B74792B964FB8008A78B6 /* TableViewCellForTapableSection.swift in Sources */,
				0B9B03D42BA095A00017195D /* TapticEngine.swift in Sources */,
				A33EF97E2B827A45003EFB6F /* ViewController.swift in Sources */,
				0B9B03CD2BA092660017195D /* TwoRangeSliderDelegate.swift in Sources */,
				A33EF9912B827C7B003EFB6F /* TableViewCell.swift in Sources */,
				0BBF276C2BA99F0A0082AF53 /* CategoryTableViewcell.swift in Sources */,
				A33EF97A2B827A45003EFB6F /* AppDelegate.swift in Sources */,
				0B9B03CC2BA092660017195D /* TwoRangeSlider.swift in Sources */,
				0B9B03D12BA092B40017195D /* FilterPriceTableViewCell.swift in Sources */,
				A33EF97C2B827A45003EFB6F /* SceneDelegate.swift in Sources */,
			);
			runOnlyForDeploymentPostprocessing = 0;
		};
/* End PBXSourcesBuildPhase section */

/* Begin PBXVariantGroup section */
		A33EF97F2B827A45003EFB6F /* Main.storyboard */ = {
			isa = PBXVariantGroup;
			children = (
				A33EF9802B827A45003EFB6F /* Base */,
			);
			name = Main.storyboard;
			sourceTree = "<group>";
		};
		A33EF9842B827A46003EFB6F /* LaunchScreen.storyboard */ = {
			isa = PBXVariantGroup;
			children = (
				A33EF9852B827A46003EFB6F /* Base */,
			);
			name = LaunchScreen.storyboard;
			sourceTree = "<group>";
		};
/* End PBXVariantGroup section */

/* Begin XCBuildConfiguration section */
		A33EF9882B827A46003EFB6F /* Debug */ = {
			isa = XCBuildConfiguration;
			buildSettings = {
				ALWAYS_SEARCH_USER_PATHS = NO;
				ASSETCATALOG_COMPILER_GENERATE_SWIFT_ASSET_SYMBOL_EXTENSIONS = YES;
				CLANG_ANALYZER_NONNULL = YES;
				CLANG_ANALYZER_NUMBER_OBJECT_CONVERSION = YES_AGGRESSIVE;
				CLANG_CXX_LANGUAGE_STANDARD = "gnu++20";
				CLANG_ENABLE_MODULES = YES;
				CLANG_ENABLE_OBJC_ARC = YES;
				CLANG_ENABLE_OBJC_WEAK = YES;
				CLANG_WARN_BLOCK_CAPTURE_AUTORELEASING = YES;
				CLANG_WARN_BOOL_CONVERSION = YES;
				CLANG_WARN_COMMA = YES;
				CLANG_WARN_CONSTANT_CONVERSION = YES;
				CLANG_WARN_DEPRECATED_OBJC_IMPLEMENTATIONS = YES;
				CLANG_WARN_DIRECT_OBJC_ISA_USAGE = YES_ERROR;
				CLANG_WARN_DOCUMENTATION_COMMENTS = YES;
				CLANG_WARN_EMPTY_BODY = YES;
				CLANG_WARN_ENUM_CONVERSION = YES;
				CLANG_WARN_INFINITE_RECURSION = YES;
				CLANG_WARN_INT_CONVERSION = YES;
				CLANG_WARN_NON_LITERAL_NULL_CONVERSION = YES;
				CLANG_WARN_OBJC_IMPLICIT_RETAIN_SELF = YES;
				CLANG_WARN_OBJC_LITERAL_CONVERSION = YES;
				CLANG_WARN_OBJC_ROOT_CLASS = YES_ERROR;
				CLANG_WARN_QUOTED_INCLUDE_IN_FRAMEWORK_HEADER = YES;
				CLANG_WARN_RANGE_LOOP_ANALYSIS = YES;
				CLANG_WARN_STRICT_PROTOTYPES = YES;
				CLANG_WARN_SUSPICIOUS_MOVE = YES;
				CLANG_WARN_UNGUARDED_AVAILABILITY = YES_AGGRESSIVE;
				CLANG_WARN_UNREACHABLE_CODE = YES;
				CLANG_WARN__DUPLICATE_METHOD_MATCH = YES;
				COPY_PHASE_STRIP = NO;
				DEBUG_INFORMATION_FORMAT = dwarf;
				ENABLE_STRICT_OBJC_MSGSEND = YES;
				ENABLE_TESTABILITY = YES;
				ENABLE_USER_SCRIPT_SANDBOXING = YES;
				GCC_C_LANGUAGE_STANDARD = gnu17;
				GCC_DYNAMIC_NO_PIC = NO;
				GCC_NO_COMMON_BLOCKS = YES;
				GCC_OPTIMIZATION_LEVEL = 0;
				GCC_PREPROCESSOR_DEFINITIONS = (
					"DEBUG=1",
					"$(inherited)",
				);
				GCC_WARN_64_TO_32_BIT_CONVERSION = YES;
				GCC_WARN_ABOUT_RETURN_TYPE = YES_ERROR;
				GCC_WARN_UNDECLARED_SELECTOR = YES;
				GCC_WARN_UNINITIALIZED_AUTOS = YES_AGGRESSIVE;
				GCC_WARN_UNUSED_FUNCTION = YES;
				GCC_WARN_UNUSED_VARIABLE = YES;
				IPHONEOS_DEPLOYMENT_TARGET = 17.2;
				LOCALIZATION_PREFERS_STRING_CATALOGS = YES;
				MTL_ENABLE_DEBUG_INFO = INCLUDE_SOURCE;
				MTL_FAST_MATH = YES;
				ONLY_ACTIVE_ARCH = YES;
				SDKROOT = iphoneos;
				SWIFT_ACTIVE_COMPILATION_CONDITIONS = "DEBUG $(inherited)";
				SWIFT_OPTIMIZATION_LEVEL = "-Onone";
			};
			name = Debug;
		};
		A33EF9892B827A46003EFB6F /* Release */ = {
			isa = XCBuildConfiguration;
			buildSettings = {
				ALWAYS_SEARCH_USER_PATHS = NO;
				ASSETCATALOG_COMPILER_GENERATE_SWIFT_ASSET_SYMBOL_EXTENSIONS = YES;
				CLANG_ANALYZER_NONNULL = YES;
				CLANG_ANALYZER_NUMBER_OBJECT_CONVERSION = YES_AGGRESSIVE;
				CLANG_CXX_LANGUAGE_STANDARD = "gnu++20";
				CLANG_ENABLE_MODULES = YES;
				CLANG_ENABLE_OBJC_ARC = YES;
				CLANG_ENABLE_OBJC_WEAK = YES;
				CLANG_WARN_BLOCK_CAPTURE_AUTORELEASING = YES;
				CLANG_WARN_BOOL_CONVERSION = YES;
				CLANG_WARN_COMMA = YES;
				CLANG_WARN_CONSTANT_CONVERSION = YES;
				CLANG_WARN_DEPRECATED_OBJC_IMPLEMENTATIONS = YES;
				CLANG_WARN_DIRECT_OBJC_ISA_USAGE = YES_ERROR;
				CLANG_WARN_DOCUMENTATION_COMMENTS = YES;
				CLANG_WARN_EMPTY_BODY = YES;
				CLANG_WARN_ENUM_CONVERSION = YES;
				CLANG_WARN_INFINITE_RECURSION = YES;
				CLANG_WARN_INT_CONVERSION = YES;
				CLANG_WARN_NON_LITERAL_NULL_CONVERSION = YES;
				CLANG_WARN_OBJC_IMPLICIT_RETAIN_SELF = YES;
				CLANG_WARN_OBJC_LITERAL_CONVERSION = YES;
				CLANG_WARN_OBJC_ROOT_CLASS = YES_ERROR;
				CLANG_WARN_QUOTED_INCLUDE_IN_FRAMEWORK_HEADER = YES;
				CLANG_WARN_RANGE_LOOP_ANALYSIS = YES;
				CLANG_WARN_STRICT_PROTOTYPES = YES;
				CLANG_WARN_SUSPICIOUS_MOVE = YES;
				CLANG_WARN_UNGUARDED_AVAILABILITY = YES_AGGRESSIVE;
				CLANG_WARN_UNREACHABLE_CODE = YES;
				CLANG_WARN__DUPLICATE_METHOD_MATCH = YES;
				COPY_PHASE_STRIP = NO;
				DEBUG_INFORMATION_FORMAT = "dwarf-with-dsym";
				ENABLE_NS_ASSERTIONS = NO;
				ENABLE_STRICT_OBJC_MSGSEND = YES;
				ENABLE_USER_SCRIPT_SANDBOXING = YES;
				GCC_C_LANGUAGE_STANDARD = gnu17;
				GCC_NO_COMMON_BLOCKS = YES;
				GCC_WARN_64_TO_32_BIT_CONVERSION = YES;
				GCC_WARN_ABOUT_RETURN_TYPE = YES_ERROR;
				GCC_WARN_UNDECLARED_SELECTOR = YES;
				GCC_WARN_UNINITIALIZED_AUTOS = YES_AGGRESSIVE;
				GCC_WARN_UNUSED_FUNCTION = YES;
				GCC_WARN_UNUSED_VARIABLE = YES;
				IPHONEOS_DEPLOYMENT_TARGET = 17.2;
				LOCALIZATION_PREFERS_STRING_CATALOGS = YES;
				MTL_ENABLE_DEBUG_INFO = NO;
				MTL_FAST_MATH = YES;
				SDKROOT = iphoneos;
				SWIFT_COMPILATION_MODE = wholemodule;
				VALIDATE_PRODUCT = YES;
			};
			name = Release;
		};
		A33EF98B2B827A46003EFB6F /* Debug */ = {
			isa = XCBuildConfiguration;
			buildSettings = {
				ASSETCATALOG_COMPILER_APPICON_NAME = AppIcon;
				ASSETCATALOG_COMPILER_GLOBAL_ACCENT_COLOR_NAME = AccentColor;
				CODE_SIGN_STYLE = Automatic;
				CURRENT_PROJECT_VERSION = 1;
				DEVELOPMENT_TEAM = 3QCVS5M6Q4;
				GENERATE_INFOPLIST_FILE = YES;
				INFOPLIST_FILE = FilterUiUsingUIKit/Info.plist;
				INFOPLIST_KEY_UIApplicationSupportsIndirectInputEvents = YES;
				INFOPLIST_KEY_UILaunchStoryboardName = LaunchScreen;
				INFOPLIST_KEY_UIMainStoryboardFile = Main;
				INFOPLIST_KEY_UISupportedInterfaceOrientations_iPad = "UIInterfaceOrientationPortrait UIInterfaceOrientationPortraitUpsideDown UIInterfaceOrientationLandscapeLeft UIInterfaceOrientationLandscapeRight";
				INFOPLIST_KEY_UISupportedInterfaceOrientations_iPhone = "UIInterfaceOrientationPortrait UIInterfaceOrientationLandscapeLeft UIInterfaceOrientationLandscapeRight";
				IPHONEOS_DEPLOYMENT_TARGET = 15.0;
				LD_RUNPATH_SEARCH_PATHS = (
					"$(inherited)",
					"@executable_path/Frameworks",
				);
				MARKETING_VERSION = 1.0;
				PRODUCT_BUNDLE_IDENTIFIER = satyabrata.FilterUiUsingUIKit;
				PRODUCT_NAME = "$(TARGET_NAME)";
				SWIFT_EMIT_LOC_STRINGS = YES;
				SWIFT_VERSION = 5.0;
				TARGETED_DEVICE_FAMILY = "1,2";
			};
			name = Debug;
		};
		A33EF98C2B827A46003EFB6F /* Release */ = {
			isa = XCBuildConfiguration;
			buildSettings = {
				ASSETCATALOG_COMPILER_APPICON_NAME = AppIcon;
				ASSETCATALOG_COMPILER_GLOBAL_ACCENT_COLOR_NAME = AccentColor;
				CODE_SIGN_STYLE = Automatic;
				CURRENT_PROJECT_VERSION = 1;
				DEVELOPMENT_TEAM = 3QCVS5M6Q4;
				GENERATE_INFOPLIST_FILE = YES;
				INFOPLIST_FILE = FilterUiUsingUIKit/Info.plist;
				INFOPLIST_KEY_UIApplicationSupportsIndirectInputEvents = YES;
				INFOPLIST_KEY_UILaunchStoryboardName = LaunchScreen;
				INFOPLIST_KEY_UIMainStoryboardFile = Main;
				INFOPLIST_KEY_UISupportedInterfaceOrientations_iPad = "UIInterfaceOrientationPortrait UIInterfaceOrientationPortraitUpsideDown UIInterfaceOrientationLandscapeLeft UIInterfaceOrientationLandscapeRight";
				INFOPLIST_KEY_UISupportedInterfaceOrientations_iPhone = "UIInterfaceOrientationPortrait UIInterfaceOrientationLandscapeLeft UIInterfaceOrientationLandscapeRight";
				IPHONEOS_DEPLOYMENT_TARGET = 15.0;
				LD_RUNPATH_SEARCH_PATHS = (
					"$(inherited)",
					"@executable_path/Frameworks",
				);
				MARKETING_VERSION = 1.0;
				PRODUCT_BUNDLE_IDENTIFIER = satyabrata.FilterUiUsingUIKit;
				PRODUCT_NAME = "$(TARGET_NAME)";
				SWIFT_EMIT_LOC_STRINGS = YES;
				SWIFT_VERSION = 5.0;
				TARGETED_DEVICE_FAMILY = "1,2";
			};
			name = Release;
		};
/* End XCBuildConfiguration section */

/* Begin XCConfigurationList section */
		A33EF9712B827A45003EFB6F /* Build configuration list for PBXProject "FilterUiUsingUIKit" */ = {
			isa = XCConfigurationList;
			buildConfigurations = (
				A33EF9882B827A46003EFB6F /* Debug */,
				A33EF9892B827A46003EFB6F /* Release */,
			);
			defaultConfigurationIsVisible = 0;
			defaultConfigurationName = Release;
		};
		A33EF98A2B827A46003EFB6F /* Build configuration list for PBXNativeTarget "FilterUiUsingUIKit" */ = {
			isa = XCConfigurationList;
			buildConfigurations = (
				A33EF98B2B827A46003EFB6F /* Debug */,
				A33EF98C2B827A46003EFB6F /* Release */,
			);
			defaultConfigurationIsVisible = 0;
			defaultConfigurationName = Release;
		};
/* End XCConfigurationList section */
	};
	rootObject = A33EF96E2B827A45003EFB6F /* Project object */;
}
